{
  "name": "sim-singleton",
  "version": "1.0.0",
  "lockfileVersion": 3,
  "requires": true,
  "packages": {
    "": {
      "name": "sim-singleton",
      "version": "1.0.0",
      "license": "ISC",
      "dependencies": {
        "constructs": "^10.3.0"
      }
    },
    "node_modules/constructs": {
      "version": "10.3.0",
      "resolved": "https://registry.npmjs.org/constructs/-/constructs-10.3.0.tgz",
      "integrity": "sha512-vbK8i3rIb/xwZxSpTjz3SagHn1qq9BChLEfy5Hf6fB3/2eFbrwt2n9kHwQcS0CPTRBesreeAcsJfMq2229FnbQ==",
      "engines": {
        "node": ">= 16.14.0"
      }
    }
  }
}
